
Microsoft Visual Studio Solution File, Format Version 12.00
# Visual Studio 15
VisualStudioVersion = 15.0.26730.16
MinimumVisualStudioVersion = 10.0.40219.1
Project("{FAE04EC0-301F-11D3-BF4B-00C04F79EFBC}") = "crud", "crud\crud.csproj", "{EA45BE4E-911D-46C4-88CC-248E59CF8531}"
EndProject
Global
	GlobalSection(SolutionConfigurationPlatforms) = preSolution
		Debug|Any CPU = Debug|Any CPU
		Release|Any CPU = Release|Any CPU
	EndGlobalSection
	GlobalSection(ProjectConfigurationPlatforms) = postSolution
		{EA45BE4E-911D-46C4-88CC-248E59CF8531}.Debug|Any CPU.ActiveCfg = Debug|Any CPU
		{EA45BE4E-911D-46C4-88CC-248E59CF8531}.Debug|Any CPU.Build.0 = Debug|Any CPU
		{EA45BE4E-911D-46C4-88CC-248E59CF8531}.Release|Any CPU.ActiveCfg = Release|Any CPU
		{EA45BE4E-911D-46C4-88CC-248E59CF8531}.Release|Any CPU.Build.0 = Release|Any CPU
	EndGlobalSection
	GlobalSection(SolutionProperties) = preSolution
		HideSolutionNode = FALSE
	EndGlobalSection
	GlobalSection(ExtensibilityGlobals) = postSolution
		SolutionGuid = {628CD807-23AC-4C02-8360-4A504FD0D7D7}
	EndGlobalSection
EndGlobal
